
Microsoft Visual Studio Solution File, Format Version 12.00
# Visual Studio Version 17
VisualStudioVersion = 17.0.31903.59
MinimumVisualStudioVersion = 10.0.40219.1
Project("{9A19103F-16F7-4668-BE54-9A1E7A4F7556}") = "TabletopTournaments.Core", "src\TabletopTournaments.Core\TabletopTournaments.Core.csproj", "{0FA0AAA8-DDDC-4D09-B327-A818617EB846}"
EndProject
Project("{9A19103F-16F7-4668-BE54-9A1E7A4F7556}") = "TabletopTournaments.Infrastructure", "src\TabletopTournaments.Infrastructure\TabletopTournaments.Infrastructure.csproj", "{0A236694-3EE6-44A2-8921-1B4218593151}"
EndProject
Project("{9A19103F-16F7-4668-BE54-9A1E7A4F7556}") = "TabletopTournaments.Application", "src\TabletopTournaments.Application\TabletopTournaments.Application.csproj", "{6D5CD784-0050-491A-8DF2-EE711FE248F7}"
EndProject
Project("{9A19103F-16F7-4668-BE54-9A1E7A4F7556}") = "TabletopTournaments.API", "src\TabletopTournaments.API\TabletopTournaments.API.csproj", "{D5848616-055C-444E-8CA5-EAC85C1BEB1F}"
EndProject
Project("{FAE04EC0-301F-11D3-BF4B-00C04F79EFBC}") = "TabletopTournaments.UnitTests", "tests\TabletopTournaments.UnitTests\TabletopTournaments.UnitTests.csproj", "{0202785A-699C-48A7-AC60-D9DF003DEE1F}"
EndProject
Project("{FAE04EC0-301F-11D3-BF4B-00C04F79EFBC}") = "TabletopTournaments.IntegrationTests", "tests\TabletopTournaments.IntegrationTests\TabletopTournaments.IntegrationTests.csproj", "{DD475F7D-134C-4CD2-BE0F-9AB2070CE5C7}"
EndProject
Project("{2150E333-8FDC-42A3-9474-1A3956D46DE8}") = "src", "src", "{088FBDA9-839D-486E-8080-48E79E044BF5}"
EndProject
Project("{FAE04EC0-301F-11D3-BF4B-00C04F79EFBC}") = "TabletopTournaments.Web", "src\TabletopTournaments.Web\TabletopTournaments.Web.csproj", "{0C398C8C-5FC7-45C4-9057-891BFEB4F9B3}"
EndProject
Global
	GlobalSection(SolutionConfigurationPlatforms) = preSolution
		Debug|Any CPU = Debug|Any CPU
		Release|Any CPU = Release|Any CPU
	EndGlobalSection
	GlobalSection(ProjectConfigurationPlatforms) = postSolution
		{0FA0AAA8-DDDC-4D09-B327-A818617EB846}.Debug|Any CPU.ActiveCfg = Debug|Any CPU
		{0FA0AAA8-DDDC-4D09-B327-A818617EB846}.Debug|Any CPU.Build.0 = Debug|Any CPU
		{0FA0AAA8-DDDC-4D09-B327-A818617EB846}.Release|Any CPU.ActiveCfg = Release|Any CPU
		{0FA0AAA8-DDDC-4D09-B327-A818617EB846}.Release|Any CPU.Build.0 = Release|Any CPU
		{0A236694-3EE6-44A2-8921-1B4218593151}.Debug|Any CPU.ActiveCfg = Debug|Any CPU
		{0A236694-3EE6-44A2-8921-1B4218593151}.Debug|Any CPU.Build.0 = Debug|Any CPU
		{0A236694-3EE6-44A2-8921-1B4218593151}.Release|Any CPU.ActiveCfg = Release|Any CPU
		{0A236694-3EE6-44A2-8921-1B4218593151}.Release|Any CPU.Build.0 = Release|Any CPU
		{6D5CD784-0050-491A-8DF2-EE711FE248F7}.Debug|Any CPU.ActiveCfg = Debug|Any CPU
		{6D5CD784-0050-491A-8DF2-EE711FE248F7}.Debug|Any CPU.Build.0 = Debug|Any CPU
		{6D5CD784-0050-491A-8DF2-EE711FE248F7}.Release|Any CPU.ActiveCfg = Release|Any CPU
		{6D5CD784-0050-491A-8DF2-EE711FE248F7}.Release|Any CPU.Build.0 = Release|Any CPU
		{D5848616-055C-444E-8CA5-EAC85C1BEB1F}.Debug|Any CPU.ActiveCfg = Debug|Any CPU
		{D5848616-055C-444E-8CA5-EAC85C1BEB1F}.Debug|Any CPU.Build.0 = Debug|Any CPU
		{D5848616-055C-444E-8CA5-EAC85C1BEB1F}.Release|Any CPU.ActiveCfg = Release|Any CPU
		{D5848616-055C-444E-8CA5-EAC85C1BEB1F}.Release|Any CPU.Build.0 = Release|Any CPU
		{0202785A-699C-48A7-AC60-D9DF003DEE1F}.Debug|Any CPU.ActiveCfg = Debug|Any CPU
		{0202785A-699C-48A7-AC60-D9DF003DEE1F}.Debug|Any CPU.Build.0 = Debug|Any CPU
		{0202785A-699C-48A7-AC60-D9DF003DEE1F}.Release|Any CPU.ActiveCfg = Release|Any CPU
		{0202785A-699C-48A7-AC60-D9DF003DEE1F}.Release|Any CPU.Build.0 = Release|Any CPU
		{DD475F7D-134C-4CD2-BE0F-9AB2070CE5C7}.Debug|Any CPU.ActiveCfg = Debug|Any CPU
		{DD475F7D-134C-4CD2-BE0F-9AB2070CE5C7}.Debug|Any CPU.Build.0 = Debug|Any CPU
		{DD475F7D-134C-4CD2-BE0F-9AB2070CE5C7}.Release|Any CPU.ActiveCfg = Release|Any CPU
		{DD475F7D-134C-4CD2-BE0F-9AB2070CE5C7}.Release|Any CPU.Build.0 = Release|Any CPU
		{0C398C8C-5FC7-45C4-9057-891BFEB4F9B3}.Debug|Any CPU.ActiveCfg = Debug|Any CPU
		{0C398C8C-5FC7-45C4-9057-891BFEB4F9B3}.Debug|Any CPU.Build.0 = Debug|Any CPU
		{0C398C8C-5FC7-45C4-9057-891BFEB4F9B3}.Release|Any CPU.ActiveCfg = Release|Any CPU
		{0C398C8C-5FC7-45C4-9057-891BFEB4F9B3}.Release|Any CPU.Build.0 = Release|Any CPU
	EndGlobalSection
	GlobalSection(SolutionProperties) = preSolution
		HideSolutionNode = FALSE
	EndGlobalSection
	GlobalSection(NestedProjects) = preSolution
		{0C398C8C-5FC7-45C4-9057-891BFEB4F9B3} = {088FBDA9-839D-486E-8080-48E79E044BF5}
	EndGlobalSection
EndGlobal
